{
  "name": "gente-honesta-tooling",
  "version": "1.0.0",
  "lockfileVersion": 3,
  "requires": true,
  "packages": {
    "": {
      "name": "gente-honesta-tooling",
      "version": "1.0.0",
      "devDependencies": {
        "@iconify-json/ic": "^1.2.4",
        "@material-symbols/svg-500": "^0.45.8"
      }
    },
    "node_modules/@iconify-json/ic": {
      "version": "1.2.4",
      "resolved": "https://registry.npmjs.org/@iconify-json/ic/-/ic-1.2.4.tgz",
      "integrity": "sha512-pzPMmrZrBQuwT7nmtrYdkttun8KalRGgZPIL1Ny9KpF2zjRGIUPN+npTfuD3lrgO/OnSwAoJWuekQwBpt/Cqrw==",
      "dev": true,
      "license": "Apache-2.0",
      "dependencies": {
        "@iconify/types": "*"
      }
    },
    "node_modules/@iconify/types": {
      "version": "2.0.0",
      "resolved": "https://registry.npmjs.org/@iconify/types/-/types-2.0.0.tgz",
      "integrity": "sha512-+wluvCrRhXrhyOmRDJ3q8mux9JkKy5SJ/v8ol2tu4FVjyYvtEzkc/3pK15ET6RKg4b4w4BmTk1+gsCUhf21Ykg==",
      "dev": true,
      "license": "MIT"
    },
    "node_modules/@material-symbols/svg-500": {
      "version": "0.45.8",
      "resolved": "https://registry.npmjs.org/@material-symbols/svg-500/-/svg-500-0.45.8.tgz",
      "integrity": "sha512-Hl1IUi3ya9TQoPYSky8vMkSdBziA0pLzM+uMizxKbp/8W8mljGxYkBDYat08LND76JA7n27xRJ7RRkAT29Lt0Q==",
      "dev": true,
      "license": "Apache-2.0"
    }
  }
}
