{
  "name": "gente-honesta-tooling",
  "version": "1.0.0",
  "lockfileVersion": 3,
  "requires": true,
  "packages": {
    "": {
      "name": "gente-honesta-tooling",
      "version": "1.0.0",
      "dependencies": {
        "@material-symbols/svg-700": "^0.45.8"
      },
      "devDependencies": {
        "@iconify-json/ic": "^1.2.4",
        "@material-symbols/svg-600": "^0.45.8"
      }
    },
    "node_modules/@iconify-json/ic": {
      "version": "1.2.4",
      "resolved": "https://registry.npmjs.org/@iconify-json/ic/-/ic-1.2.4.tgz",
      "integrity": "sha512-pzPMmrZrBQuwT7nmtrYdkttun8KalRGgZPIL1Ny9KpF2zjRGIUPN+npTfuD3lrgO/OnSwAoJWuekQwBpt/Cqrw==",
      "dev": true,
      "license": "Apache-2.0",
      "dependencies": {
        "@iconify/types": "*"
      }
    },
    "node_modules/@iconify/types": {
      "version": "2.0.0",
      "resolved": "https://registry.npmjs.org/@iconify/types/-/types-2.0.0.tgz",
      "integrity": "sha512-+wluvCrRhXrhyOmRDJ3q8mux9JkKy5SJ/v8ol2tu4FVjyYvtEzkc/3pK15ET6RKg4b4w4BmTk1+gsCUhf21Ykg==",
      "dev": true,
      "license": "MIT"
    },
    "node_modules/@material-symbols/svg-600": {
      "version": "0.45.8",
      "resolved": "https://registry.npmjs.org/@material-symbols/svg-600/-/svg-600-0.45.8.tgz",
      "integrity": "sha512-3LzxBsaAOj/B5d5/wB0o9G+U/oCEyj+oG4YOKJJDl7/LNEQO1rGbKfMHuM5vZYkFfmUWynOz/d6RvusNbg2X8A==",
      "dev": true,
      "license": "Apache-2.0"
    },
    "node_modules/@material-symbols/svg-700": {
      "version": "0.45.8",
      "resolved": "https://registry.npmjs.org/@material-symbols/svg-700/-/svg-700-0.45.8.tgz",
      "integrity": "sha512-sedOpBzPaZKSCTE0N+WDQ+D1mod/Yo+uLM1M570NeDBxDTvExxjjS+u4UR/QCM+tml0+AknqxzUPVlM0zw1p3w==",
      "license": "Apache-2.0"
    }
  }
}
